// !$*UTF8*$!
{
	archiveVersion = 1;
	classes = {
	};
	objectVersion = 50;
	objects = {

/* Begin PBXBuildFile section */
		6AF483BA28267C5A003C9481 /* AppDelegate.swift in Sources */ = {isa = PBXBuildFile; fileRef = 6AF483B928267C5A003C9481 /* AppDelegate.swift */; };
		6AF483BC28267C5A003C9481 /* SceneDelegate.swift in Sources */ = {isa = PBXBuildFile; fileRef = 6AF483BB28267C5A003C9481 /* SceneDelegate.swift */; };
		6AF483BE28267C5A003C9481 /* ViewController.swift in Sources */ = {isa = PBXBuildFile; fileRef = 6AF483BD28267C5A003C9481 /* ViewController.swift */; };
		6AF483C128267C5A003C9481 /* Main.storyboard in Resources */ = {isa = PBXBuildFile; fileRef = 6AF483BF28267C5A003C9481 /* Main.storyboard */; };
		6AF483C328267C5C003C9481 /* Assets.xcassets in Resources */ = {isa = PBXBuildFile; fileRef = 6AF483C228267C5C003C9481 /* Assets.xcassets */; };
		6AF483C628267C5C003C9481 /* LaunchScreen.storyboard in Resources */ = {isa = PBXBuildFile; fileRef = 6AF483C428267C5C003C9481 /* LaunchScreen.storyboard */; };
		6AF483D128267C5C003C9481 /* DatePickerTests.swift in Sources */ = {isa = PBXBuildFile; fileRef = 6AF483D028267C5C003C9481 /* DatePickerTests.swift */; };
		6AF483DC28267C5D003C9481 /* DatePickerUITests.swift in Sources */ = {isa = PBXBuildFile; fileRef = 6AF483DB28267C5D003C9481 /* DatePickerUITests.swift */; };
/* End PBXBuildFile section */

/* Begin PBXContainerItemProxy section */
		6AF483CD28267C5C003C9481 /* PBXContainerItemProxy */ = {
			isa = PBXContainerItemProxy;
			containerPortal = 6AF483AE28267C5A003C9481 /* Project object */;
			proxyType = 1;
			remoteGlobalIDString = 6AF483B528267C5A003C9481;
			remoteInfo = DatePicker;
		};
		6AF483D828267C5D003C9481 /* PBXContainerItemProxy */ = {
			isa = PBXContainerItemProxy;
			containerPortal = 6AF483AE28267C5A003C9481 /* Project object */;
			proxyType = 1;
			remoteGlobalIDString = 6AF483B528267C5A003C9481;
			remoteInfo = DatePicker;
		};
/* End PBXContainerItemProxy section */

/* Begin PBXFileReference section */
		6AF483B628267C5A003C9481 /* DatePicker.app */ = {isa = PBXFileReference; explicitFileType = wrapper.application; includeInIndex = 0; path = DatePicker.app; sourceTree = BUILT_PRODUCTS_DIR; };
		6AF483B928267C5A003C9481 /* AppDelegate.swift */ = {isa = PBXFileReference; lastKnownFileType = sourcecode.swift; path = AppDelegate.swift; sourceTree = "<group>"; };
		6AF483BB28267C5A003C9481 /* SceneDelegate.swift */ = {isa = PBXFileReference; lastKnownFileType = sourcecode.swift; path = SceneDelegate.swift; sourceTree = "<group>"; };
		6AF483BD28267C5A003C9481 /* ViewController.swift */ = {isa = PBXFileReference; lastKnownFileType = sourcecode.swift; path = ViewController.swift; sourceTree = "<group>"; };
		6AF483C028267C5A003C9481 /* Base */ = {isa = PBXFileReference; lastKnownFileType = file.storyboard; name = Base; path = Base.lproj/Main.storyboard; sourceTree = "<group>"; };
		6AF483C228267C5C003C9481 /* Assets.xcassets */ = {isa = PBXFileReference; lastKnownFileType = folder.assetcatalog; path = Assets.xcassets; sourceTree = "<group>"; };
		6AF483C528267C5C003C9481 /* Base */ = {isa = PBXFileReference; lastKnownFileType = file.storyboard; name = Base; path = Base.lproj/LaunchScreen.storyboard; sourceTree = "<group>"; };
		6AF483C728267C5C003C9481 /* Info.plist */ = {isa = PBXFileReference; lastKnownFileType = text.plist.xml; path = Info.plist; sourceTree = "<group>"; };
		6AF483CC28267C5C003C9481 /* DatePickerTests.xctest */ = {isa = PBXFileReference; explicitFileType = wrapper.cfbundle; includeInIndex = 0; path = DatePickerTests.xctest; sourceTree = BUILT_PRODUCTS_DIR; };
		6AF483D028267C5C003C9481 /* DatePickerTests.swift */ = {isa = PBXFileReference; lastKnownFileType = sourcecode.swift; path = DatePickerTests.swift; sourceTree = "<group>"; };
		6AF483D228267C5C003C9481 /* Info.plist */ = {isa = PBXFileReference; lastKnownFileType = text.plist.xml; path = Info.plist; sourceTree = "<group>"; };
		6AF483D728267C5D003C9481 /* DatePickerUITests.xctest */ = {isa = PBXFileReference; explicitFileType = wrapper.cfbundle; includeInIndex = 0; path = DatePickerUITests.xctest; sourceTree = BUILT_PRODUCTS_DIR; };
		6AF483DB28267C5D003C9481 /* DatePickerUITests.swift */ = {isa = PBXFileReference; lastKnownFileType = sourcecode.swift; path = DatePickerUITests.swift; sourceTree = "<group>"; };
		6AF483DD28267C5D003C9481 /* Info.plist */ = {isa = PBXFileReference; lastKnownFileType = text.plist.xml; path = Info.plist; sourceTree = "<group>"; };
/* End PBXFileReference section */

/* Begin PBXFrameworksBuildPhase section */
		6AF483B328267C5A003C9481 /* Frameworks */ = {
			isa = PBXFrameworksBuildPhase;
			buildActionMask = 2147483647;
			files = (
			);
			runOnlyForDeploymentPostprocessing = 0;
		};
		6AF483C928267C5C003C9481 /* Frameworks */ = {
			isa = PBXFrameworksBuildPhase;
			buildActionMask = 2147483647;
			files = (
			);
			runOnlyForDeploymentPostprocessing = 0;
		};
		6AF483D428267C5D003C9481 /* Frameworks */ = {
			isa = PBXFrameworksBuildPhase;
			buildActionMask = 2147483647;
			files = (
			);
			runOnlyForDeploymentPostprocessing = 0;
		};
/* End PBXFrameworksBuildPhase section */

/* Begin PBXGroup section */
		6AF483AD28267C5A003C9481 = {
			isa = PBXGroup;
			children = (
				6AF483B828267C5A003C9481 /* DatePicker */,
				6AF483CF28267C5C003C9481 /* DatePickerTests */,
				6AF483DA28267C5D003C9481 /* DatePickerUITests */,
				6AF483B728267C5A003C9481 /* Products */,
			);
			sourceTree = "<group>";
		};
		6AF483B728267C5A003C9481 /* Products */ = {
			isa = PBXGroup;
			children = (
				6AF483B628267C5A003C9481 /* DatePicker.app */,
				6AF483CC28267C5C003C9481 /* DatePickerTests.xctest */,
				6AF483D728267C5D003C9481 /* DatePickerUITests.xctest */,
			);
			name = Products;
			sourceTree = "<group>";
		};
		6AF483B828267C5A003C9481 /* DatePicker */ = {
			isa = PBXGroup;
			children = (
				6AF483B928267C5A003C9481 /* AppDelegate.swift */,
				6AF483BB28267C5A003C9481 /* SceneDelegate.swift */,
				6AF483BD28267C5A003C9481 /* ViewController.swift */,
				6AF483BF28267C5A003C9481 /* Main.storyboard */,
				6AF483C228267C5C003C9481 /* Assets.xcassets */,
				6AF483C428267C5C003C9481 /* LaunchScreen.storyboard */,
				6AF483C728267C5C003C9481 /* Info.plist */,
			);
			path = DatePicker;
			sourceTree = "<group>";
		};
		6AF483CF28267C5C003C9481 /* DatePickerTests */ = {
			isa = PBXGroup;
			children = (
				6AF483D028267C5C003C9481 /* DatePickerTests.swift */,
				6AF483D228267C5C003C9481 /* Info.plist */,
			);
			path = DatePickerTests;
			sourceTree = "<group>";
		};
		6AF483DA28267C5D003C9481 /* DatePickerUITests */ = {
			isa = PBXGroup;
			children = (
				6AF483DB28267C5D003C9481 /* DatePickerUITests.swift */,
				6AF483DD28267C5D003C9481 /* Info.plist */,
			);
			path = DatePickerUITests;
			sourceTree = "<group>";
		};
/* End PBXGroup section */

/* Begin PBXNativeTarget section */
		6AF483B528267C5A003C9481 /* DatePicker */ = {
			isa = PBXNativeTarget;
			buildConfigurationList = 6AF483E028267C5D003C9481 /* Build configuration list for PBXNativeTarget "DatePicker" */;
			buildPhases = (
				6AF483B228267C5A003C9481 /* Sources */,
				6AF483B328267C5A003C9481 /* Frameworks */,
				6AF483B428267C5A003C9481 /* Resources */,
			);
			buildRules = (
			);
			dependencies = (
			);
			name = DatePicker;
			productName = DatePicker;
			productReference = 6AF483B628267C5A003C9481 /* DatePicker.app */;
			productType = "com.apple.product-type.application";
		};
		6AF483CB28267C5C003C9481 /* DatePickerTests */ = {
			isa = PBXNativeTarget;
			buildConfigurationList = 6AF483E328267C5D003C9481 /* Build configuration list for PBXNativeTarget "DatePickerTests" */;
			buildPhases = (
				6AF483C828267C5C003C9481 /* Sources */,
				6AF483C928267C5C003C9481 /* Frameworks */,
				6AF483CA28267C5C003C9481 /* Resources */,
			);
			buildRules = (
			);
			dependencies = (
				6AF483CE28267C5C003C9481 /* PBXTargetDependency */,
			);
			name = DatePickerTests;
			productName = DatePickerTests;
			productReference = 6AF483CC28267C5C003C9481 /* DatePickerTests.xctest */;
			productType = "com.apple.product-type.bundle.unit-test";
		};
		6AF483D628267C5D003C9481 /* DatePickerUITests */ = {
			isa = PBXNativeTarget;
			buildConfigurationList = 6AF483E628267C5D003C9481 /* Build configuration list for PBXNativeTarget "DatePickerUITests" */;
			buildPhases = (
				6AF483D328267C5D003C9481 /* Sources */,
				6AF483D428267C5D003C9481 /* Frameworks */,
				6AF483D528267C5D003C9481 /* Resources */,
			);
			buildRules = (
			);
			dependencies = (
				6AF483D928267C5D003C9481 /* PBXTargetDependency */,
			);
			name = DatePickerUITests;
			productName = DatePickerUITests;
			productReference = 6AF483D728267C5D003C9481 /* DatePickerUITests.xctest */;
			productType = "com.apple.product-type.bundle.ui-testing";
		};
/* End PBXNativeTarget section */

/* Begin PBXProject section */
		6AF483AE28267C5A003C9481 /* Project object */ = {
			isa = PBXProject;
			attributes = {
				LastSwiftUpdateCheck = 1250;
				LastUpgradeCheck = 1250;
				TargetAttributes = {
					6AF483B528267C5A003C9481 = {
						CreatedOnToolsVersion = 12.5.1;
					};
					6AF483CB28267C5C003C9481 = {
						CreatedOnToolsVersion = 12.5.1;
						TestTargetID = 6AF483B528267C5A003C9481;
					};
					6AF483D628267C5D003C9481 = {
						CreatedOnToolsVersion = 12.5.1;
						TestTargetID = 6AF483B528267C5A003C9481;
					};
				};
			};
			buildConfigurationList = 6AF483B128267C5A003C9481 /* Build configuration list for PBXProject "DatePicker" */;
			compatibilityVersion = "Xcode 9.3";
			developmentRegion = en;
			hasScannedForEncodings = 0;
			knownRegions = (
				en,
				Base,
			);
			mainGroup = 6AF483AD28267C5A003C9481;
			productRefGroup = 6AF483B728267C5A003C9481 /* Products */;
			projectDirPath = "";
			projectRoot = "";
			targets = (
				6AF483B528267C5A003C9481 /* DatePicker */,
				6AF483CB28267C5C003C9481 /* DatePickerTests */,
				6AF483D628267C5D003C9481 /* DatePickerUITests */,
			);
		};
/* End PBXProject section */

/* Begin PBXResourcesBuildPhase section */
		6AF483B428267C5A003C9481 /* Resources */ = {
			isa = PBXResourcesBuildPhase;
			buildActionMask = 2147483647;
			files = (
				6AF483C628267C5C003C9481 /* LaunchScreen.storyboard in Resources */,
				6AF483C328267C5C003C9481 /* Assets.xcassets in Resources */,
				6AF483C128267C5A003C9481 /* Main.storyboard in Resources */,
			);
			runOnlyForDeploymentPostprocessing = 0;
		};
		6AF483CA28267C5C003C9481 /* Resources */ = {
			isa = PBXResourcesBuildPhase;
			buildActionMask = 2147483647;
			files = (
			);
			runOnlyForDeploymentPostprocessing = 0;
		};
		6AF483D528267C5D003C9481 /* Resources */ = {
			isa = PBXResourcesBuildPhase;
			buildActionMask = 2147483647;
			files = (
			);
			runOnlyForDeploymentPostprocessing = 0;
		};
/* End PBXResourcesBuildPhase section */

/* Begin PBXSourcesBuildPhase section */
		6AF483B228267C5A003C9481 /* Sources */ = {
			isa = PBXSourcesBuildPhase;
			buildActionMask = 2147483647;
			files = (
				6AF483BE28267C5A003C9481 /* ViewController.swift in Sources */,
				6AF483BA28267C5A003C9481 /* AppDelegate.swift in Sources */,
				6AF483BC28267C5A003C9481 /* SceneDelegate.swift in Sources */,
			);
			runOnlyForDeploymentPostprocessing = 0;
		};
		6AF483C828267C5C003C9481 /* Sources */ = {
			isa = PBXSourcesBuildPhase;
			buildActionMask = 2147483647;
			files = (
				6AF483D128267C5C003C9481 /* DatePickerTests.swift in Sources */,
			);
			runOnlyForDeploymentPostprocessing = 0;
		};
		6AF483D328267C5D003C9481 /* Sources */ = {
			isa = PBXSourcesBuildPhase;
			buildActionMask = 2147483647;
			files = (
				6AF483DC28267C5D003C9481 /* DatePickerUITests.swift in Sources */,
			);
			runOnlyForDeploymentPostprocessing = 0;
		};
/* End PBXSourcesBuildPhase section */

/* Begin PBXTargetDependency section */
		6AF483CE28267C5C003C9481 /* PBXTargetDependency */ = {
			isa = PBXTargetDependency;
			target = 6AF483B528267C5A003C9481 /* DatePicker */;
			targetProxy = 6AF483CD28267C5C003C9481 /* PBXContainerItemProxy */;
		};
		6AF483D928267C5D003C9481 /* PBXTargetDependency */ = {
			isa = PBXTargetDependency;
			target = 6AF483B528267C5A003C9481 /* DatePicker */;
			targetProxy = 6AF483D828267C5D003C9481 /* PBXContainerItemProxy */;
		};
/* End PBXTargetDependency section */

/* Begin PBXVariantGroup section */
		6AF483BF28267C5A003C9481 /* Main.storyboard */ = {
			isa = PBXVariantGroup;
			children = (
				6AF483C028267C5A003C9481 /* Base */,
			);
			name = Main.storyboard;
			sourceTree = "<group>";
		};
		6AF483C428267C5C003C9481 /* LaunchScreen.storyboard */ = {
			isa = PBXVariantGroup;
			children = (
				6AF483C528267C5C003C9481 /* Base */,
			);
			name = LaunchScreen.storyboard;
			sourceTree = "<group>";
		};
/* End PBXVariantGroup section */

/* Begin XCBuildConfiguration section */
		6AF483DE28267C5D003C9481 /* Debug */ = {
			isa = XCBuildConfiguration;
			buildSettings = {
				ALWAYS_SEARCH_USER_PATHS = NO;
				CLANG_ANALYZER_NONNULL = YES;
				CLANG_ANALYZER_NUMBER_OBJECT_CONVERSION = YES_AGGRESSIVE;
				CLANG_CXX_LANGUAGE_STANDARD = "gnu++14";
				CLANG_CXX_LIBRARY = "libc++";
				CLANG_ENABLE_MODULES = YES;
				CLANG_ENABLE_OBJC_ARC = YES;
				CLANG_ENABLE_OBJC_WEAK = YES;
				CLANG_WARN_BLOCK_CAPTURE_AUTORELEASING = YES;
				CLANG_WARN_BOOL_CONVERSION = YES;
				CLANG_WARN_COMMA = YES;
				CLANG_WARN_CONSTANT_CONVERSION = YES;
				CLANG_WARN_DEPRECATED_OBJC_IMPLEMENTATIONS = YES;
				CLANG_WARN_DIRECT_OBJC_ISA_USAGE = YES_ERROR;
				CLANG_WARN_DOCUMENTATION_COMMENTS = YES;
				CLANG_WARN_EMPTY_BODY = YES;
				CLANG_WARN_ENUM_CONVERSION = YES;
				CLANG_WARN_INFINITE_RECURSION = YES;
				CLANG_WARN_INT_CONVERSION = YES;
				CLANG_WARN_NON_LITERAL_NULL_CONVERSION = YES;
				CLANG_WARN_OBJC_IMPLICIT_RETAIN_SELF = YES;
				CLANG_WARN_OBJC_LITERAL_CONVERSION = YES;
				CLANG_WARN_OBJC_ROOT_CLASS = YES_ERROR;
				CLANG_WARN_QUOTED_INCLUDE_IN_FRAMEWORK_HEADER = YES;
				CLANG_WARN_RANGE_LOOP_ANALYSIS = YES;
				CLANG_WARN_STRICT_PROTOTYPES = YES;
				CLANG_WARN_SUSPICIOUS_MOVE = YES;
				CLANG_WARN_UNGUARDED_AVAILABILITY = YES_AGGRESSIVE;
				CLANG_WARN_UNREACHABLE_CODE = YES;
				CLANG_WARN__DUPLICATE_METHOD_MATCH = YES;
				COPY_PHASE_STRIP = NO;
				DEBUG_INFORMATION_FORMAT = dwarf;
				ENABLE_STRICT_OBJC_MSGSEND = YES;
				ENABLE_TESTABILITY = YES;
				GCC_C_LANGUAGE_STANDARD = gnu11;
				GCC_DYNAMIC_NO_PIC = NO;
				GCC_NO_COMMON_BLOCKS = YES;
				GCC_OPTIMIZATION_LEVEL = 0;
				GCC_PREPROCESSOR_DEFINITIONS = (
					"DEBUG=1",
					"$(inherited)",
				);
				GCC_WARN_64_TO_32_BIT_CONVERSION = YES;
				GCC_WARN_ABOUT_RETURN_TYPE = YES_ERROR;
				GCC_WARN_UNDECLARED_SELECTOR = YES;
				GCC_WARN_UNINITIALIZED_AUTOS = YES_AGGRESSIVE;
				GCC_WARN_UNUSED_FUNCTION = YES;
				GCC_WARN_UNUSED_VARIABLE = YES;
				IPHONEOS_DEPLOYMENT_TARGET = 14.5;
				MTL_ENABLE_DEBUG_INFO = INCLUDE_SOURCE;
				MTL_FAST_MATH = YES;
				ONLY_ACTIVE_ARCH = YES;
				SDKROOT = iphoneos;
				SWIFT_ACTIVE_COMPILATION_CONDITIONS = DEBUG;
				SWIFT_OPTIMIZATION_LEVEL = "-Onone";
			};
			name = Debug;
		};
		6AF483DF28267C5D003C9481 /* Release */ = {
			isa = XCBuildConfiguration;
			buildSettings = {
				ALWAYS_SEARCH_USER_PATHS = NO;
				CLANG_ANALYZER_NONNULL = YES;
				CLANG_ANALYZER_NUMBER_OBJECT_CONVERSION = YES_AGGRESSIVE;
				CLANG_CXX_LANGUAGE_STANDARD = "gnu++14";
				CLANG_CXX_LIBRARY = "libc++";
				CLANG_ENABLE_MODULES = YES;
				CLANG_ENABLE_OBJC_ARC = YES;
				CLANG_ENABLE_OBJC_WEAK = YES;
				CLANG_WARN_BLOCK_CAPTURE_AUTORELEASING = YES;
				CLANG_WARN_BOOL_CONVERSION = YES;
				CLANG_WARN_COMMA = YES;
				CLANG_WARN_CONSTANT_CONVERSION = YES;
				CLANG_WARN_DEPRECATED_OBJC_IMPLEMENTATIONS = YES;
				CLANG_WARN_DIRECT_OBJC_ISA_USAGE = YES_ERROR;
				CLANG_WARN_DOCUMENTATION_COMMENTS = YES;
				CLANG_WARN_EMPTY_BODY = YES;
				CLANG_WARN_ENUM_CONVERSION = YES;
				CLANG_WARN_INFINITE_RECURSION = YES;
				CLANG_WARN_INT_CONVERSION = YES;
				CLANG_WARN_NON_LITERAL_NULL_CONVERSION = YES;
				CLANG_WARN_OBJC_IMPLICIT_RETAIN_SELF = YES;
				CLANG_WARN_OBJC_LITERAL_CONVERSION = YES;
				CLANG_WARN_OBJC_ROOT_CLASS = YES_ERROR;
				CLANG_WARN_QUOTED_INCLUDE_IN_FRAMEWORK_HEADER = YES;
				CLANG_WARN_RANGE_LOOP_ANALYSIS = YES;
				CLANG_WARN_STRICT_PROTOTYPES = YES;
				CLANG_WARN_SUSPICIOUS_MOVE = YES;
				CLANG_WARN_UNGUARDED_AVAILABILITY = YES_AGGRESSIVE;
				CLANG_WARN_UNREACHABLE_CODE = YES;
				CLANG_WARN__DUPLICATE_METHOD_MATCH = YES;
				COPY_PHASE_STRIP = NO;
				DEBUG_INFORMATION_FORMAT = "dwarf-with-dsym";
				ENABLE_NS_ASSERTIONS = NO;
				ENABLE_STRICT_OBJC_MSGSEND = YES;
				GCC_C_LANGUAGE_STANDARD = gnu11;
				GCC_NO_COMMON_BLOCKS = YES;
				GCC_WARN_64_TO_32_BIT_CONVERSION = YES;
				GCC_WARN_ABOUT_RETURN_TYPE = YES_ERROR;
				GCC_WARN_UNDECLARED_SELECTOR = YES;
				GCC_WARN_UNINITIALIZED_AUTOS = YES_AGGRESSIVE;
				GCC_WARN_UNUSED_FUNCTION = YES;
				GCC_WARN_UNUSED_VARIABLE = YES;
				IPHONEOS_DEPLOYMENT_TARGET = 14.5;
				MTL_ENABLE_DEBUG_INFO = NO;
				MTL_FAST_MATH = YES;
				SDKROOT = iphoneos;
				SWIFT_COMPILATION_MODE = wholemodule;
				SWIFT_OPTIMIZATION_LEVEL = "-O";
				VALIDATE_PRODUCT = YES;
			};
			name = Release;
		};
		6AF483E128267C5D003C9481 /* Debug */ = {
			isa = XCBuildConfiguration;
			buildSettings = {
				ASSETCATALOG_COMPILER_APPICON_NAME = AppIcon;
				ASSETCATALOG_COMPILER_GLOBAL_ACCENT_COLOR_NAME = AccentColor;
				CODE_SIGN_STYLE = Automatic;
				INFOPLIST_FILE = DatePicker/Info.plist;
				LD_RUNPATH_SEARCH_PATHS = (
					"$(inherited)",
					"@executable_path/Frameworks",
				);
				PRODUCT_BUNDLE_IDENTIFIER = study.DatePicker;
				PRODUCT_NAME = "$(TARGET_NAME)";
				SWIFT_VERSION = 5.0;
				TARGETED_DEVICE_FAMILY = "1,2";
			};
			name = Debug;
		};
		6AF483E228267C5D003C9481 /* Release */ = {
			isa = XCBuildConfiguration;
			buildSettings = {
				ASSETCATALOG_COMPILER_APPICON_NAME = AppIcon;
				ASSETCATALOG_COMPILER_GLOBAL_ACCENT_COLOR_NAME = AccentColor;
				CODE_SIGN_STYLE = Automatic;
				INFOPLIST_FILE = DatePicker/Info.plist;
				LD_RUNPATH_SEARCH_PATHS = (
					"$(inherited)",
					"@executable_path/Frameworks",
				);
				PRODUCT_BUNDLE_IDENTIFIER = study.DatePicker;
				PRODUCT_NAME = "$(TARGET_NAME)";
				SWIFT_VERSION = 5.0;
				TARGETED_DEVICE_FAMILY = "1,2";
			};
			name = Release;
		};
		6AF483E428267C5D003C9481 /* Debug */ = {
			isa = XCBuildConfiguration;
			buildSettings = {
				ALWAYS_EMBED_SWIFT_STANDARD_LIBRARIES = YES;
				BUNDLE_LOADER = "$(TEST_HOST)";
				CODE_SIGN_STYLE = Automatic;
				INFOPLIST_FILE = DatePickerTests/Info.plist;
				IPHONEOS_DEPLOYMENT_TARGET = 14.5;
				LD_RUNPATH_SEARCH_PATHS = (
					"$(inherited)",
					"@executable_path/Frameworks",
					"@loader_path/Frameworks",
				);
				PRODUCT_BUNDLE_IDENTIFIER = study.DatePickerTests;
				PRODUCT_NAME = "$(TARGET_NAME)";
				SWIFT_VERSION = 5.0;
				TARGETED_DEVICE_FAMILY = "1,2";
				TEST_HOST = "$(BUILT_PRODUCTS_DIR)/DatePicker.app/DatePicker";
			};
			name = Debug;
		};
		6AF483E528267C5D003C9481 /* Release */ = {
			isa = XCBuildConfiguration;
			buildSettings = {
				ALWAYS_EMBED_SWIFT_STANDARD_LIBRARIES = YES;
				BUNDLE_LOADER = "$(TEST_HOST)";
				CODE_SIGN_STYLE = Automatic;
				INFOPLIST_FILE = DatePickerTests/Info.plist;
				IPHONEOS_DEPLOYMENT_TARGET = 14.5;
				LD_RUNPATH_SEARCH_PATHS = (
					"$(inherited)",
					"@executable_path/Frameworks",
					"@loader_path/Frameworks",
				);
				PRODUCT_BUNDLE_IDENTIFIER = study.DatePickerTests;
				PRODUCT_NAME = "$(TARGET_NAME)";
				SWIFT_VERSION = 5.0;
				TARGETED_DEVICE_FAMILY = "1,2";
				TEST_HOST = "$(BUILT_PRODUCTS_DIR)/DatePicker.app/DatePicker";
			};
			name = Release;
		};
		6AF483E728267C5D003C9481 /* Debug */ = {
			isa = XCBuildConfiguration;
			buildSettings = {
				ALWAYS_EMBED_SWIFT_STANDARD_LIBRARIES = YES;
				CODE_SIGN_STYLE = Automatic;
				INFOPLIST_FILE = DatePickerUITests/Info.plist;
				LD_RUNPATH_SEARCH_PATHS = (
					"$(inherited)",
					"@executable_path/Frameworks",
					"@loader_path/Frameworks",
				);
				PRODUCT_BUNDLE_IDENTIFIER = study.DatePickerUITests;
				PRODUCT_NAME = "$(TARGET_NAME)";
				SWIFT_VERSION = 5.0;
				TARGETED_DEVICE_FAMILY = "1,2";
				TEST_TARGET_NAME = DatePicker;
			};
			name = Debug;
		};
		6AF483E828267C5D003C9481 /* Release */ = {
			isa = XCBuildConfiguration;
			buildSettings = {
				ALWAYS_EMBED_SWIFT_STANDARD_LIBRARIES = YES;
				CODE_SIGN_STYLE = Automatic;
				INFOPLIST_FILE = DatePickerUITests/Info.plist;
				LD_RUNPATH_SEARCH_PATHS = (
					"$(inherited)",
					"@executable_path/Frameworks",
					"@loader_path/Frameworks",
				);
				PRODUCT_BUNDLE_IDENTIFIER = study.DatePickerUITests;
				PRODUCT_NAME = "$(TARGET_NAME)";
				SWIFT_VERSION = 5.0;
				TARGETED_DEVICE_FAMILY = "1,2";
				TEST_TARGET_NAME = DatePicker;
			};
			name = Release;
		};
/* End XCBuildConfiguration section */

/* Begin XCConfigurationList section */
		6AF483B128267C5A003C9481 /* Build configuration list for PBXProject "DatePicker" */ = {
			isa = XCConfigurationList;
			buildConfigurations = (
				6AF483DE28267C5D003C9481 /* Debug */,
				6AF483DF28267C5D003C9481 /* Release */,
			);
			defaultConfigurationIsVisible = 0;
			defaultConfigurationName = Release;
		};
		6AF483E028267C5D003C9481 /* Build configuration list for PBXNativeTarget "DatePicker" */ = {
			isa = XCConfigurationList;
			buildConfigurations = (
				6AF483E128267C5D003C9481 /* Debug */,
				6AF483E228267C5D003C9481 /* Release */,
			);
			defaultConfigurationIsVisible = 0;
			defaultConfigurationName = Release;
		};
		6AF483E328267C5D003C9481 /* Build configuration list for PBXNativeTarget "DatePickerTests" */ = {
			isa = XCConfigurationList;
			buildConfigurations = (
				6AF483E428267C5D003C9481 /* Debug */,
				6AF483E528267C5D003C9481 /* Release */,
			);
			defaultConfigurationIsVisible = 0;
			defaultConfigurationName = Release;
		};
		6AF483E628267C5D003C9481 /* Build configuration list for PBXNativeTarget "DatePickerUITests" */ = {
			isa = XCConfigurationList;
			buildConfigurations = (
				6AF483E728267C5D003C9481 /* Debug */,
				6AF483E828267C5D003C9481 /* Release */,
			);
			defaultConfigurationIsVisible = 0;
			defaultConfigurationName = Release;
		};
/* End XCConfigurationList section */
	};
	rootObject = 6AF483AE28267C5A003C9481 /* Project object */;
}
